
Microsoft Visual Studio Solution File, Format Version 12.00
# Visual Studio Version 17
VisualStudioVersion = 17.5.33516.290
MinimumVisualStudioVersion = 10.0.40219.1
Project("{FAE04EC0-301F-11D3-BF4B-00C04F79EFBC}") = "SortSoccer", "SortSoccer\SortSoccer.csproj", "{1045A77F-175B-4614-AEF0-1E2C0333601A}"
EndProject
Global
	GlobalSection(SolutionConfigurationPlatforms) = preSolution
		Debug|Any CPU = Debug|Any CPU
		Release|Any CPU = Release|Any CPU
	EndGlobalSection
	GlobalSection(ProjectConfigurationPlatforms) = postSolution
		{1045A77F-175B-4614-AEF0-1E2C0333601A}.Debug|Any CPU.ActiveCfg = Debug|Any CPU
		{1045A77F-175B-4614-AEF0-1E2C0333601A}.Debug|Any CPU.Build.0 = Debug|Any CPU
		{1045A77F-175B-4614-AEF0-1E2C0333601A}.Release|Any CPU.ActiveCfg = Release|Any CPU
		{1045A77F-175B-4614-AEF0-1E2C0333601A}.Release|Any CPU.Build.0 = Release|Any CPU
	EndGlobalSection
	GlobalSection(SolutionProperties) = preSolution
		HideSolutionNode = FALSE
	EndGlobalSection
	GlobalSection(ExtensibilityGlobals) = postSolution
		SolutionGuid = {0953A4E7-6F19-42DA-840F-E69D69474EF5}
	EndGlobalSection
EndGlobal
